{
  "name": "stash",
  "version": "1.0.0",
  "lockfileVersion": 1,
  "requires": true,
  "dependencies": {
    "uglify-js": {
      "version": "3.13.0",
      "resolved": "http://npm-pokec.i.etech.sk/uglify-js/-/uglify-js-3.13.0.tgz",
      "integrity": "sha512-TWYSWa9T2pPN4DIJYbU9oAjQx+5qdV5RUDxwARg8fmJZrD/V27Zj0JngW5xg1DFz42G0uDYl2XhzF6alSzD62w=="
    }
  }
}
